// !$*UTF8*$!
{
	archiveVersion = 1;
	classes = {
	};
	objectVersion = 46;
	objects = {

/* Begin PBXBuildFile section */
		205E3F5B1DDB8FF100957764 /* Destination.m in Sources */ = {isa = PBXBuildFile; fileRef = 205E3F5A1DDB8FF100957764 /* Destination.m */; };
		205E3F5F1DDBB0CC00957764 /* OpeningViewController.m in Sources */ = {isa = PBXBuildFile; fileRef = 205E3F5D1DDBB0CC00957764 /* OpeningViewController.m */; };
		205E3F601DDBB0CC00957764 /* OpeningViewController.xib in Resources */ = {isa = PBXBuildFile; fileRef = 205E3F5E1DDBB0CC00957764 /* OpeningViewController.xib */; };
		205E3F641DDBB10000957764 /* DestinationTableViewController.m in Sources */ = {isa = PBXBuildFile; fileRef = 205E3F621DDBB10000957764 /* DestinationTableViewController.m */; };
		205E3F651DDBB10000957764 /* DestinationTableViewController.xib in Resources */ = {isa = PBXBuildFile; fileRef = 205E3F631DDBB10000957764 /* DestinationTableViewController.xib */; };
		205E3F691DDBB12900957764 /* SetDestinationViewController.m in Sources */ = {isa = PBXBuildFile; fileRef = 205E3F671DDBB12900957764 /* SetDestinationViewController.m */; };
		205E3F6A1DDBB12900957764 /* SetDestinationViewController.xib in Resources */ = {isa = PBXBuildFile; fileRef = 205E3F681DDBB12900957764 /* SetDestinationViewController.xib */; };
		205E3F6E1DDBB15100957764 /* SettingsViewController.m in Sources */ = {isa = PBXBuildFile; fileRef = 205E3F6C1DDBB15100957764 /* SettingsViewController.m */; };
		205E3F6F1DDBB15100957764 /* SettingsViewController.xib in Resources */ = {isa = PBXBuildFile; fileRef = 205E3F6D1DDBB15100957764 /* SettingsViewController.xib */; };
		205E3F771DDBB20900957764 /* ConfirmDestinationViewController.m in Sources */ = {isa = PBXBuildFile; fileRef = 205E3F751DDBB20900957764 /* ConfirmDestinationViewController.m */; };
		205E3F781DDBB20900957764 /* ConfirmDestinationViewController.xib in Resources */ = {isa = PBXBuildFile; fileRef = 205E3F761DDBB20900957764 /* ConfirmDestinationViewController.xib */; };
		205E3F7D1DDBB26300957764 /* SleepingViewController.m in Sources */ = {isa = PBXBuildFile; fileRef = 205E3F7B1DDBB26300957764 /* SleepingViewController.m */; };
		205E3F7E1DDBB26300957764 /* SleepingViewController.xib in Resources */ = {isa = PBXBuildFile; fileRef = 205E3F7C1DDBB26300957764 /* SleepingViewController.xib */; };
		205E3F831DDBBA0E00957764 /* DestinationTableViewCell.m in Sources */ = {isa = PBXBuildFile; fileRef = 205E3F811DDBBA0E00957764 /* DestinationTableViewCell.m */; };
		205E3F841DDBBA0E00957764 /* DestinationTableViewCell.xib in Resources */ = {isa = PBXBuildFile; fileRef = 205E3F821DDBBA0E00957764 /* DestinationTableViewCell.xib */; };
		20C24A4D1DE36342001B9565 /* Launch Screen.storyboard in Resources */ = {isa = PBXBuildFile; fileRef = 20C24A4C1DE36342001B9565 /* Launch Screen.storyboard */; };
		20C24A981DED0C2A001B9565 /* LocationManager.m in Sources */ = {isa = PBXBuildFile; fileRef = 20C24A971DED0C2A001B9565 /* LocationManager.m */; };
		20C24AA51DEF7ECF001B9565 /* WakeUpViewController.m in Sources */ = {isa = PBXBuildFile; fileRef = 20C24AA31DEF7ECF001B9565 /* WakeUpViewController.m */; };
		20C24AA61DEF7ECF001B9565 /* WakeUpViewController.xib in Resources */ = {isa = PBXBuildFile; fileRef = 20C24AA41DEF7ECF001B9565 /* WakeUpViewController.xib */; };
		20C24AA81DF0ABD4001B9565 /* AfricanFunLong.mp3 in Resources */ = {isa = PBXBuildFile; fileRef = 20C24AA71DF0ABD4001B9565 /* AfricanFunLong.mp3 */; };
		20C24AAD1DF0ABE1001B9565 /* MusicThemeAffair.mp3 in Resources */ = {isa = PBXBuildFile; fileRef = 20C24AAA1DF0ABE1001B9565 /* MusicThemeAffair.mp3 */; };
		20C24AAE1DF0ABE1001B9565 /* Techological.mp3 in Resources */ = {isa = PBXBuildFile; fileRef = 20C24AAB1DF0ABE1001B9565 /* Techological.mp3 */; };
		20C24AB01DF0B0D3001B9565 /* InSearchOfAsia.mp3 in Resources */ = {isa = PBXBuildFile; fileRef = 20C24AAF1DF0B0D3001B9565 /* InSearchOfAsia.mp3 */; };
		D83C0A0C1DC79B6F00B41470 /* main.m in Sources */ = {isa = PBXBuildFile; fileRef = D83C0A0B1DC79B6F00B41470 /* main.m */; };
		D83C0A0F1DC79B6F00B41470 /* AppDelegate.m in Sources */ = {isa = PBXBuildFile; fileRef = D83C0A0E1DC79B6F00B41470 /* AppDelegate.m */; };
		D83C0A1A1DC79B6F00B41470 /* Assets.xcassets in Resources */ = {isa = PBXBuildFile; fileRef = D83C0A191DC79B6F00B41470 /* Assets.xcassets */; };
		D83D6ACA1DDF8A8300DC35E7 /* DAO.m in Sources */ = {isa = PBXBuildFile; fileRef = D83D6AC91DDF8A8300DC35E7 /* DAO.m */; };
		D85114F51DCA8124002742EC /* MapKit.framework in Frameworks */ = {isa = PBXBuildFile; fileRef = D85114F41DCA8124002742EC /* MapKit.framework */; };
		D85114F71DCA8137002742EC /* CoreGraphics.framework in Frameworks */ = {isa = PBXBuildFile; fileRef = D85114F61DCA8137002742EC /* CoreGraphics.framework */; };
		D85114F91DCA8141002742EC /* CoreLocation.framework in Frameworks */ = {isa = PBXBuildFile; fileRef = D85114F81DCA8141002742EC /* CoreLocation.framework */; };
		D85D76181DF5EB0A002E5AA8 /* YourStop.xcdatamodeld in Sources */ = {isa = PBXBuildFile; fileRef = D83C0A161DC79B6F00B41470 /* YourStop.xcdatamodeld */; };
		D88605B41DE8E4D300288B93 /* DestinationMO+CoreDataClass.m in Sources */ = {isa = PBXBuildFile; fileRef = D88605B11DE8E4D300288B93 /* DestinationMO+CoreDataClass.m */; };
		D88605B51DE8E4D300288B93 /* DestinationMO+CoreDataProperties.m in Sources */ = {isa = PBXBuildFile; fileRef = D88605B31DE8E4D300288B93 /* DestinationMO+CoreDataProperties.m */; };
/* End PBXBuildFile section */

/* Begin PBXFileReference section */
		205E3F591DDB8FF100957764 /* Destination.h */ = {isa = PBXFileReference; fileEncoding = 4; lastKnownFileType = sourcecode.c.h; path = Destination.h; sourceTree = "<group>"; };
		205E3F5A1DDB8FF100957764 /* Destination.m */ = {isa = PBXFileReference; fileEncoding = 4; lastKnownFileType = sourcecode.c.objc; path = Destination.m; sourceTree = "<group>"; };
		205E3F5C1DDBB0CC00957764 /* OpeningViewController.h */ = {isa = PBXFileReference; fileEncoding = 4; lastKnownFileType = sourcecode.c.h; path = OpeningViewController.h; sourceTree = "<group>"; };
		205E3F5D1DDBB0CC00957764 /* OpeningViewController.m */ = {isa = PBXFileReference; fileEncoding = 4; lastKnownFileType = sourcecode.c.objc; path = OpeningViewController.m; sourceTree = "<group>"; };
		205E3F5E1DDBB0CC00957764 /* OpeningViewController.xib */ = {isa = PBXFileReference; fileEncoding = 4; lastKnownFileType = file.xib; path = OpeningViewController.xib; sourceTree = "<group>"; };
		205E3F611DDBB10000957764 /* DestinationTableViewController.h */ = {isa = PBXFileReference; fileEncoding = 4; lastKnownFileType = sourcecode.c.h; path = DestinationTableViewController.h; sourceTree = "<group>"; };
		205E3F621DDBB10000957764 /* DestinationTableViewController.m */ = {isa = PBXFileReference; fileEncoding = 4; lastKnownFileType = sourcecode.c.objc; path = DestinationTableViewController.m; sourceTree = "<group>"; };
		205E3F631DDBB10000957764 /* DestinationTableViewController.xib */ = {isa = PBXFileReference; fileEncoding = 4; lastKnownFileType = file.xib; path = DestinationTableViewController.xib; sourceTree = "<group>"; };
		205E3F661DDBB12900957764 /* SetDestinationViewController.h */ = {isa = PBXFileReference; fileEncoding = 4; lastKnownFileType = sourcecode.c.h; path = SetDestinationViewController.h; sourceTree = "<group>"; };
		205E3F671DDBB12900957764 /* SetDestinationViewController.m */ = {isa = PBXFileReference; fileEncoding = 4; lastKnownFileType = sourcecode.c.objc; path = SetDestinationViewController.m; sourceTree = "<group>"; };
		205E3F681DDBB12900957764 /* SetDestinationViewController.xib */ = {isa = PBXFileReference; fileEncoding = 4; lastKnownFileType = file.xib; path = SetDestinationViewController.xib; sourceTree = "<group>"; };
		205E3F6B1DDBB15100957764 /* SettingsViewController.h */ = {isa = PBXFileReference; fileEncoding = 4; lastKnownFileType = sourcecode.c.h; path = SettingsViewController.h; sourceTree = "<group>"; };
		205E3F6C1DDBB15100957764 /* SettingsViewController.m */ = {isa = PBXFileReference; fileEncoding = 4; lastKnownFileType = sourcecode.c.objc; path = SettingsViewController.m; sourceTree = "<group>"; };
		205E3F6D1DDBB15100957764 /* SettingsViewController.xib */ = {isa = PBXFileReference; fileEncoding = 4; lastKnownFileType = file.xib; path = SettingsViewController.xib; sourceTree = "<group>"; };
		205E3F741DDBB20900957764 /* ConfirmDestinationViewController.h */ = {isa = PBXFileReference; fileEncoding = 4; lastKnownFileType = sourcecode.c.h; name = ConfirmDestinationViewController.h; path = ../ConfirmDestinationViewController.h; sourceTree = "<group>"; };
		205E3F751DDBB20900957764 /* ConfirmDestinationViewController.m */ = {isa = PBXFileReference; fileEncoding = 4; lastKnownFileType = sourcecode.c.objc; name = ConfirmDestinationViewController.m; path = ../ConfirmDestinationViewController.m; sourceTree = "<group>"; };
		205E3F761DDBB20900957764 /* ConfirmDestinationViewController.xib */ = {isa = PBXFileReference; fileEncoding = 4; lastKnownFileType = file.xib; name = ConfirmDestinationViewController.xib; path = ../ConfirmDestinationViewController.xib; sourceTree = "<group>"; };
		205E3F7A1DDBB26300957764 /* SleepingViewController.h */ = {isa = PBXFileReference; fileEncoding = 4; lastKnownFileType = sourcecode.c.h; name = SleepingViewController.h; path = ../SleepingViewController.h; sourceTree = "<group>"; };
		205E3F7B1DDBB26300957764 /* SleepingViewController.m */ = {isa = PBXFileReference; fileEncoding = 4; lastKnownFileType = sourcecode.c.objc; name = SleepingViewController.m; path = ../SleepingViewController.m; sourceTree = "<group>"; };
		205E3F7C1DDBB26300957764 /* SleepingViewController.xib */ = {isa = PBXFileReference; fileEncoding = 4; lastKnownFileType = file.xib; name = SleepingViewController.xib; path = ../SleepingViewController.xib; sourceTree = "<group>"; };
		205E3F801DDBBA0E00957764 /* DestinationTableViewCell.h */ = {isa = PBXFileReference; fileEncoding = 4; lastKnownFileType = sourcecode.c.h; path = DestinationTableViewCell.h; sourceTree = "<group>"; };
		205E3F811DDBBA0E00957764 /* DestinationTableViewCell.m */ = {isa = PBXFileReference; fileEncoding = 4; lastKnownFileType = sourcecode.c.objc; path = DestinationTableViewCell.m; sourceTree = "<group>"; };
		205E3F821DDBBA0E00957764 /* DestinationTableViewCell.xib */ = {isa = PBXFileReference; fileEncoding = 4; lastKnownFileType = file.xib; path = DestinationTableViewCell.xib; sourceTree = "<group>"; };
		20C24A4C1DE36342001B9565 /* Launch Screen.storyboard */ = {isa = PBXFileReference; fileEncoding = 4; lastKnownFileType = file.storyboard; path = "Launch Screen.storyboard"; sourceTree = "<group>"; };
		20C24A961DED0C2A001B9565 /* LocationManager.h */ = {isa = PBXFileReference; fileEncoding = 4; lastKnownFileType = sourcecode.c.h; path = LocationManager.h; sourceTree = "<group>"; };
		20C24A971DED0C2A001B9565 /* LocationManager.m */ = {isa = PBXFileReference; fileEncoding = 4; lastKnownFileType = sourcecode.c.objc; path = LocationManager.m; sourceTree = "<group>"; };
		20C24AA21DEF7ECF001B9565 /* WakeUpViewController.h */ = {isa = PBXFileReference; fileEncoding = 4; lastKnownFileType = sourcecode.c.h; path = WakeUpViewController.h; sourceTree = "<group>"; };
		20C24AA31DEF7ECF001B9565 /* WakeUpViewController.m */ = {isa = PBXFileReference; fileEncoding = 4; lastKnownFileType = sourcecode.c.objc; path = WakeUpViewController.m; sourceTree = "<group>"; };
		20C24AA41DEF7ECF001B9565 /* WakeUpViewController.xib */ = {isa = PBXFileReference; fileEncoding = 4; lastKnownFileType = file.xib; path = WakeUpViewController.xib; sourceTree = "<group>"; };
		20C24AA71DF0ABD4001B9565 /* AfricanFunLong.mp3 */ = {isa = PBXFileReference; lastKnownFileType = audio.mp3; path = AfricanFunLong.mp3; sourceTree = "<group>"; };
		20C24AAA1DF0ABE1001B9565 /* MusicThemeAffair.mp3 */ = {isa = PBXFileReference; lastKnownFileType = audio.mp3; path = MusicThemeAffair.mp3; sourceTree = "<group>"; };
		20C24AAB1DF0ABE1001B9565 /* Techological.mp3 */ = {isa = PBXFileReference; lastKnownFileType = audio.mp3; path = Techological.mp3; sourceTree = "<group>"; };
		20C24AAF1DF0B0D3001B9565 /* InSearchOfAsia.mp3 */ = {isa = PBXFileReference; lastKnownFileType = audio.mp3; path = InSearchOfAsia.mp3; sourceTree = "<group>"; };
		D83C0A071DC79B6F00B41470 /* YourStop.app */ = {isa = PBXFileReference; explicitFileType = wrapper.application; includeInIndex = 0; path = YourStop.app; sourceTree = BUILT_PRODUCTS_DIR; };
		D83C0A0B1DC79B6F00B41470 /* main.m */ = {isa = PBXFileReference; lastKnownFileType = sourcecode.c.objc; path = main.m; sourceTree = "<group>"; };
		D83C0A0D1DC79B6F00B41470 /* AppDelegate.h */ = {isa = PBXFileReference; lastKnownFileType = sourcecode.c.h; path = AppDelegate.h; sourceTree = "<group>"; };
		D83C0A0E1DC79B6F00B41470 /* AppDelegate.m */ = {isa = PBXFileReference; lastKnownFileType = sourcecode.c.objc; path = AppDelegate.m; sourceTree = "<group>"; };
		D83C0A171DC79B6F00B41470 /* YourStop.xcdatamodel */ = {isa = PBXFileReference; lastKnownFileType = wrapper.xcdatamodel; path = YourStop.xcdatamodel; sourceTree = "<group>"; };
		D83C0A191DC79B6F00B41470 /* Assets.xcassets */ = {isa = PBXFileReference; lastKnownFileType = folder.assetcatalog; path = Assets.xcassets; sourceTree = "<group>"; };
		D83C0A1E1DC79B6F00B41470 /* Info.plist */ = {isa = PBXFileReference; lastKnownFileType = text.plist.xml; path = Info.plist; sourceTree = "<group>"; };
		D83D6AC81DDF8A8300DC35E7 /* DAO.h */ = {isa = PBXFileReference; fileEncoding = 4; lastKnownFileType = sourcecode.c.h; path = DAO.h; sourceTree = "<group>"; };
		D83D6AC91DDF8A8300DC35E7 /* DAO.m */ = {isa = PBXFileReference; fileEncoding = 4; lastKnownFileType = sourcecode.c.objc; path = DAO.m; sourceTree = "<group>"; };
		D85114F41DCA8124002742EC /* MapKit.framework */ = {isa = PBXFileReference; lastKnownFileType = wrapper.framework; name = MapKit.framework; path = System/Library/Frameworks/MapKit.framework; sourceTree = SDKROOT; };
		D85114F61DCA8137002742EC /* CoreGraphics.framework */ = {isa = PBXFileReference; lastKnownFileType = wrapper.framework; name = CoreGraphics.framework; path = System/Library/Frameworks/CoreGraphics.framework; sourceTree = SDKROOT; };
		D85114F81DCA8141002742EC /* CoreLocation.framework */ = {isa = PBXFileReference; lastKnownFileType = wrapper.framework; name = CoreLocation.framework; path = System/Library/Frameworks/CoreLocation.framework; sourceTree = SDKROOT; };
		D88605B01DE8E4D300288B93 /* DestinationMO+CoreDataClass.h */ = {isa = PBXFileReference; fileEncoding = 4; lastKnownFileType = sourcecode.c.h; path = "DestinationMO+CoreDataClass.h"; sourceTree = "<group>"; };
		D88605B11DE8E4D300288B93 /* DestinationMO+CoreDataClass.m */ = {isa = PBXFileReference; fileEncoding = 4; lastKnownFileType = sourcecode.c.objc; path = "DestinationMO+CoreDataClass.m"; sourceTree = "<group>"; };
		D88605B21DE8E4D300288B93 /* DestinationMO+CoreDataProperties.h */ = {isa = PBXFileReference; fileEncoding = 4; lastKnownFileType = sourcecode.c.h; path = "DestinationMO+CoreDataProperties.h"; sourceTree = "<group>"; };
		D88605B31DE8E4D300288B93 /* DestinationMO+CoreDataProperties.m */ = {isa = PBXFileReference; fileEncoding = 4; lastKnownFileType = sourcecode.c.objc; path = "DestinationMO+CoreDataProperties.m"; sourceTree = "<group>"; };
/* End PBXFileReference section */

/* Begin PBXFrameworksBuildPhase section */
		D83C0A041DC79B6F00B41470 /* Frameworks */ = {
			isa = PBXFrameworksBuildPhase;
			buildActionMask = 2147483647;
			files = (
				D85114F91DCA8141002742EC /* CoreLocation.framework in Frameworks */,
				D85114F71DCA8137002742EC /* CoreGraphics.framework in Frameworks */,
				D85114F51DCA8124002742EC /* MapKit.framework in Frameworks */,
			);
			runOnlyForDeploymentPostprocessing = 0;
		};
/* End PBXFrameworksBuildPhase section */

/* Begin PBXGroup section */
		205E3F701DDBB15900957764 /* SettingsView */ = {
			isa = PBXGroup;
			children = (
				205E3F6B1DDBB15100957764 /* SettingsViewController.h */,
				205E3F6C1DDBB15100957764 /* SettingsViewController.m */,
				205E3F6D1DDBB15100957764 /* SettingsViewController.xib */,
			);
			name = SettingsView;
			sourceTree = "<group>";
		};
		205E3F711DDBB18900957764 /* OpeningView */ = {
			isa = PBXGroup;
			children = (
				205E3F5C1DDBB0CC00957764 /* OpeningViewController.h */,
				205E3F5D1DDBB0CC00957764 /* OpeningViewController.m */,
				205E3F5E1DDBB0CC00957764 /* OpeningViewController.xib */,
			);
			name = OpeningView;
			sourceTree = "<group>";
		};
		205E3F721DDBB1A300957764 /* DestinationTableView */ = {
			isa = PBXGroup;
			children = (
				205E3F611DDBB10000957764 /* DestinationTableViewController.h */,
				205E3F621DDBB10000957764 /* DestinationTableViewController.m */,
				205E3F631DDBB10000957764 /* DestinationTableViewController.xib */,
				205E3F801DDBBA0E00957764 /* DestinationTableViewCell.h */,
				205E3F811DDBBA0E00957764 /* DestinationTableViewCell.m */,
				205E3F821DDBBA0E00957764 /* DestinationTableViewCell.xib */,
			);
			name = DestinationTableView;
			sourceTree = "<group>";
		};
		205E3F731DDBB1B700957764 /* SetDestinationView */ = {
			isa = PBXGroup;
			children = (
				205E3F661DDBB12900957764 /* SetDestinationViewController.h */,
				205E3F671DDBB12900957764 /* SetDestinationViewController.m */,
				205E3F681DDBB12900957764 /* SetDestinationViewController.xib */,
			);
			name = SetDestinationView;
			sourceTree = "<group>";
		};
		205E3F791DDBB20F00957764 /* ConfirmDestinationView */ = {
			isa = PBXGroup;
			children = (
				205E3F741DDBB20900957764 /* ConfirmDestinationViewController.h */,
				205E3F751DDBB20900957764 /* ConfirmDestinationViewController.m */,
				205E3F761DDBB20900957764 /* ConfirmDestinationViewController.xib */,
			);
			name = ConfirmDestinationView;
			sourceTree = "<group>";
		};
		205E3F7F1DDBB26700957764 /* SleepingView */ = {
			isa = PBXGroup;
			children = (
				205E3F7A1DDBB26300957764 /* SleepingViewController.h */,
				205E3F7B1DDBB26300957764 /* SleepingViewController.m */,
				205E3F7C1DDBB26300957764 /* SleepingViewController.xib */,
				20C24A961DED0C2A001B9565 /* LocationManager.h */,
				20C24A971DED0C2A001B9565 /* LocationManager.m */,
			);
			name = SleepingView;
			sourceTree = "<group>";
		};
		20C24A4E1DE3EA2E001B9565 /* Audios */ = {
			isa = PBXGroup;
			children = (
				20C24AAF1DF0B0D3001B9565 /* InSearchOfAsia.mp3 */,
				20C24AAA1DF0ABE1001B9565 /* MusicThemeAffair.mp3 */,
				20C24AAB1DF0ABE1001B9565 /* Techological.mp3 */,
				20C24AA71DF0ABD4001B9565 /* AfricanFunLong.mp3 */,
			);
			name = Audios;
			sourceTree = "<group>";
		};
		20C24AA11DEF7E91001B9565 /* WakeUpView */ = {
			isa = PBXGroup;
			children = (
				20C24AA21DEF7ECF001B9565 /* WakeUpViewController.h */,
				20C24AA31DEF7ECF001B9565 /* WakeUpViewController.m */,
				20C24AA41DEF7ECF001B9565 /* WakeUpViewController.xib */,
			);
			name = WakeUpView;
			sourceTree = "<group>";
		};
		D83C09FE1DC79B6F00B41470 = {
			isa = PBXGroup;
			children = (
				D88605B01DE8E4D300288B93 /* DestinationMO+CoreDataClass.h */,
				D88605B11DE8E4D300288B93 /* DestinationMO+CoreDataClass.m */,
				D88605B21DE8E4D300288B93 /* DestinationMO+CoreDataProperties.h */,
				D88605B31DE8E4D300288B93 /* DestinationMO+CoreDataProperties.m */,
				20C24A4C1DE36342001B9565 /* Launch Screen.storyboard */,
				D83C0A091DC79B6F00B41470 /* YourStop */,
				D83C0A081DC79B6F00B41470 /* Products */,
				D85114F31DCA8124002742EC /* Frameworks */,
			);
			sourceTree = "<group>";
		};
		D83C0A081DC79B6F00B41470 /* Products */ = {
			isa = PBXGroup;
			children = (
				D83C0A071DC79B6F00B41470 /* YourStop.app */,
			);
			name = Products;
			sourceTree = "<group>";
		};
		D83C0A091DC79B6F00B41470 /* YourStop */ = {
			isa = PBXGroup;
			children = (
				D83C0A0D1DC79B6F00B41470 /* AppDelegate.h */,
				D83C0A0E1DC79B6F00B41470 /* AppDelegate.m */,
				205E3F591DDB8FF100957764 /* Destination.h */,
				205E3F5A1DDB8FF100957764 /* Destination.m */,
				D83D6AC81DDF8A8300DC35E7 /* DAO.h */,
				D83D6AC91DDF8A8300DC35E7 /* DAO.m */,
				D83C0A161DC79B6F00B41470 /* YourStop.xcdatamodeld */,
				205E3F701DDBB15900957764 /* SettingsView */,
				205E3F711DDBB18900957764 /* OpeningView */,
				205E3F731DDBB1B700957764 /* SetDestinationView */,
				205E3F721DDBB1A300957764 /* DestinationTableView */,
				205E3F791DDBB20F00957764 /* ConfirmDestinationView */,
				205E3F7F1DDBB26700957764 /* SleepingView */,
				20C24AA11DEF7E91001B9565 /* WakeUpView */,
				D83C0A191DC79B6F00B41470 /* Assets.xcassets */,
				D83C0A1E1DC79B6F00B41470 /* Info.plist */,
				20C24A4E1DE3EA2E001B9565 /* Audios */,
				D83C0A0A1DC79B6F00B41470 /* Supporting Files */,
			);
			path = YourStop;
			sourceTree = "<group>";
		};
		D83C0A0A1DC79B6F00B41470 /* Supporting Files */ = {
			isa = PBXGroup;
			children = (
				D83C0A0B1DC79B6F00B41470 /* main.m */,
			);
			name = "Supporting Files";
			sourceTree = "<group>";
		};
		D85114F31DCA8124002742EC /* Frameworks */ = {
			isa = PBXGroup;
			children = (
				D85114F81DCA8141002742EC /* CoreLocation.framework */,
				D85114F61DCA8137002742EC /* CoreGraphics.framework */,
				D85114F41DCA8124002742EC /* MapKit.framework */,
			);
			name = Frameworks;
			sourceTree = "<group>";
		};
/* End PBXGroup section */

/* Begin PBXNativeTarget section */
		D83C0A061DC79B6F00B41470 /* YourStop */ = {
			isa = PBXNativeTarget;
			buildConfigurationList = D83C0A211DC79B6F00B41470 /* Build configuration list for PBXNativeTarget "YourStop" */;
			buildPhases = (
				D83C0A031DC79B6F00B41470 /* Sources */,
				D83C0A041DC79B6F00B41470 /* Frameworks */,
				D83C0A051DC79B6F00B41470 /* Resources */,
			);
			buildRules = (
			);
			dependencies = (
			);
			name = YourStop;
			productName = YourStop;
			productReference = D83C0A071DC79B6F00B41470 /* YourStop.app */;
			productType = "com.apple.product-type.application";
		};
/* End PBXNativeTarget section */

/* Begin PBXProject section */
		D83C09FF1DC79B6F00B41470 /* Project object */ = {
			isa = PBXProject;
			attributes = {
				LastUpgradeCheck = 0800;
				ORGANIZATIONNAME = "Chad Wiedemann LLC";
				TargetAttributes = {
					D83C0A061DC79B6F00B41470 = {
						CreatedOnToolsVersion = 8.0;
						DevelopmentTeam = HMWV6CCYQG;
						ProvisioningStyle = Automatic;
						SystemCapabilities = {
							com.apple.BackgroundModes = {
								enabled = 1;
							};
						};
					};
				};
			};
			buildConfigurationList = D83C0A021DC79B6F00B41470 /* Build configuration list for PBXProject "YourStop" */;
			compatibilityVersion = "Xcode 3.2";
			developmentRegion = English;
			hasScannedForEncodings = 0;
			knownRegions = (
				en,
				Base,
			);
			mainGroup = D83C09FE1DC79B6F00B41470;
			productRefGroup = D83C0A081DC79B6F00B41470 /* Products */;
			projectDirPath = "";
			projectRoot = "";
			targets = (
				D83C0A061DC79B6F00B41470 /* YourStop */,
			);
		};
/* End PBXProject section */

/* Begin PBXResourcesBuildPhase section */
		D83C0A051DC79B6F00B41470 /* Resources */ = {
			isa = PBXResourcesBuildPhase;
			buildActionMask = 2147483647;
			files = (
				205E3F651DDBB10000957764 /* DestinationTableViewController.xib in Resources */,
				20C24AAD1DF0ABE1001B9565 /* MusicThemeAffair.mp3 in Resources */,
				205E3F7E1DDBB26300957764 /* SleepingViewController.xib in Resources */,
				205E3F781DDBB20900957764 /* ConfirmDestinationViewController.xib in Resources */,
				205E3F6F1DDBB15100957764 /* SettingsViewController.xib in Resources */,
				205E3F6A1DDBB12900957764 /* SetDestinationViewController.xib in Resources */,
				20C24AA61DEF7ECF001B9565 /* WakeUpViewController.xib in Resources */,
				205E3F841DDBBA0E00957764 /* DestinationTableViewCell.xib in Resources */,
				20C24AA81DF0ABD4001B9565 /* AfricanFunLong.mp3 in Resources */,
				205E3F601DDBB0CC00957764 /* OpeningViewController.xib in Resources */,
				D83C0A1A1DC79B6F00B41470 /* Assets.xcassets in Resources */,
				20C24AAE1DF0ABE1001B9565 /* Techological.mp3 in Resources */,
				20C24AB01DF0B0D3001B9565 /* InSearchOfAsia.mp3 in Resources */,
				20C24A4D1DE36342001B9565 /* Launch Screen.storyboard in Resources */,
			);
			runOnlyForDeploymentPostprocessing = 0;
		};
/* End PBXResourcesBuildPhase section */

/* Begin PBXSourcesBuildPhase section */
		D83C0A031DC79B6F00B41470 /* Sources */ = {
			isa = PBXSourcesBuildPhase;
			buildActionMask = 2147483647;
			files = (
				D88605B51DE8E4D300288B93 /* DestinationMO+CoreDataProperties.m in Sources */,
				D83D6ACA1DDF8A8300DC35E7 /* DAO.m in Sources */,
				D85D76181DF5EB0A002E5AA8 /* YourStop.xcdatamodeld in Sources */,
				205E3F771DDBB20900957764 /* ConfirmDestinationViewController.m in Sources */,
				205E3F641DDBB10000957764 /* DestinationTableViewController.m in Sources */,
				205E3F691DDBB12900957764 /* SetDestinationViewController.m in Sources */,
				D83C0A0F1DC79B6F00B41470 /* AppDelegate.m in Sources */,
				20C24A981DED0C2A001B9565 /* LocationManager.m in Sources */,
				205E3F6E1DDBB15100957764 /* SettingsViewController.m in Sources */,
				D88605B41DE8E4D300288B93 /* DestinationMO+CoreDataClass.m in Sources */,
				205E3F831DDBBA0E00957764 /* DestinationTableViewCell.m in Sources */,
				205E3F5B1DDB8FF100957764 /* Destination.m in Sources */,
				205E3F7D1DDBB26300957764 /* SleepingViewController.m in Sources */,
				20C24AA51DEF7ECF001B9565 /* WakeUpViewController.m in Sources */,
				205E3F5F1DDBB0CC00957764 /* OpeningViewController.m in Sources */,
				D83C0A0C1DC79B6F00B41470 /* main.m in Sources */,
			);
			runOnlyForDeploymentPostprocessing = 0;
		};
/* End PBXSourcesBuildPhase section */

/* Begin XCBuildConfiguration section */
		D83C0A1F1DC79B6F00B41470 /* Debug */ = {
			isa = XCBuildConfiguration;
			buildSettings = {
				ALWAYS_SEARCH_USER_PATHS = NO;
				CLANG_ANALYZER_NONNULL = YES;
				CLANG_CXX_LANGUAGE_STANDARD = "gnu++0x";
				CLANG_CXX_LIBRARY = "libc++";
				CLANG_ENABLE_MODULES = YES;
				CLANG_ENABLE_OBJC_ARC = YES;
				CLANG_WARN_BOOL_CONVERSION = YES;
				CLANG_WARN_CONSTANT_CONVERSION = YES;
				CLANG_WARN_DIRECT_OBJC_ISA_USAGE = YES_ERROR;
				CLANG_WARN_DOCUMENTATION_COMMENTS = YES;
				CLANG_WARN_EMPTY_BODY = YES;
				CLANG_WARN_ENUM_CONVERSION = YES;
				CLANG_WARN_INFINITE_RECURSION = YES;
				CLANG_WARN_INT_CONVERSION = YES;
				CLANG_WARN_OBJC_ROOT_CLASS = YES_ERROR;
				CLANG_WARN_SUSPICIOUS_MOVES = YES;
				CLANG_WARN_UNREACHABLE_CODE = YES;
				CLANG_WARN__DUPLICATE_METHOD_MATCH = YES;
				"CODE_SIGN_IDENTITY[sdk=iphoneos*]" = "iPhone Developer";
				COPY_PHASE_STRIP = NO;
				DEBUG_INFORMATION_FORMAT = dwarf;
				ENABLE_STRICT_OBJC_MSGSEND = YES;
				ENABLE_TESTABILITY = YES;
				GCC_C_LANGUAGE_STANDARD = gnu99;
				GCC_DYNAMIC_NO_PIC = NO;
				GCC_NO_COMMON_BLOCKS = YES;
				GCC_OPTIMIZATION_LEVEL = 0;
				GCC_PREPROCESSOR_DEFINITIONS = (
					"DEBUG=1",
					"$(inherited)",
				);
				GCC_WARN_64_TO_32_BIT_CONVERSION = YES;
				GCC_WARN_ABOUT_RETURN_TYPE = YES_ERROR;
				GCC_WARN_UNDECLARED_SELECTOR = YES;
				GCC_WARN_UNINITIALIZED_AUTOS = YES_AGGRESSIVE;
				GCC_WARN_UNUSED_FUNCTION = YES;
				GCC_WARN_UNUSED_VARIABLE = YES;
				IPHONEOS_DEPLOYMENT_TARGET = 10.0;
				MTL_ENABLE_DEBUG_INFO = YES;
				ONLY_ACTIVE_ARCH = YES;
				SDKROOT = iphoneos;
			};
			name = Debug;
		};
		D83C0A201DC79B6F00B41470 /* Release */ = {
			isa = XCBuildConfiguration;
			buildSettings = {
				ALWAYS_SEARCH_USER_PATHS = NO;
				CLANG_ANALYZER_NONNULL = YES;
				CLANG_CXX_LANGUAGE_STANDARD = "gnu++0x";
				CLANG_CXX_LIBRARY = "libc++";
				CLANG_ENABLE_MODULES = YES;
				CLANG_ENABLE_OBJC_ARC = YES;
				CLANG_WARN_BOOL_CONVERSION = YES;
				CLANG_WARN_CONSTANT_CONVERSION = YES;
				CLANG_WARN_DIRECT_OBJC_ISA_USAGE = YES_ERROR;
				CLANG_WARN_DOCUMENTATION_COMMENTS = YES;
				CLANG_WARN_EMPTY_BODY = YES;
				CLANG_WARN_ENUM_CONVERSION = YES;
				CLANG_WARN_INFINITE_RECURSION = YES;
				CLANG_WARN_INT_CONVERSION = YES;
				CLANG_WARN_OBJC_ROOT_CLASS = YES_ERROR;
				CLANG_WARN_SUSPICIOUS_MOVES = YES;
				CLANG_WARN_UNREACHABLE_CODE = YES;
				CLANG_WARN__DUPLICATE_METHOD_MATCH = YES;
				"CODE_SIGN_IDENTITY[sdk=iphoneos*]" = "iPhone Developer";
				COPY_PHASE_STRIP = NO;
				DEBUG_INFORMATION_FORMAT = "dwarf-with-dsym";
				ENABLE_NS_ASSERTIONS = NO;
				ENABLE_STRICT_OBJC_MSGSEND = YES;
				GCC_C_LANGUAGE_STANDARD = gnu99;
				GCC_NO_COMMON_BLOCKS = YES;
				GCC_WARN_64_TO_32_BIT_CONVERSION = YES;
				GCC_WARN_ABOUT_RETURN_TYPE = YES_ERROR;
				GCC_WARN_UNDECLARED_SELECTOR = YES;
				GCC_WARN_UNINITIALIZED_AUTOS = YES_AGGRESSIVE;
				GCC_WARN_UNUSED_FUNCTION = YES;
				GCC_WARN_UNUSED_VARIABLE = YES;
				IPHONEOS_DEPLOYMENT_TARGET = 10.0;
				MTL_ENABLE_DEBUG_INFO = NO;
				SDKROOT = iphoneos;
				VALIDATE_PRODUCT = YES;
			};
			name = Release;
		};
		D83C0A221DC79B6F00B41470 /* Debug */ = {
			isa = XCBuildConfiguration;
			buildSettings = {
				ASSETCATALOG_COMPILER_APPICON_NAME = "AppIcon-2";
				"CODE_SIGN_IDENTITY[sdk=iphoneos*]" = "iPhone Developer";
				DEVELOPMENT_TEAM = HMWV6CCYQG;
				INFOPLIST_FILE = YourStop/Info.plist;
				LD_RUNPATH_SEARCH_PATHS = "$(inherited) @executable_path/Frameworks";
				PRODUCT_BUNDLE_IDENTIFIER = com.chadwiedemann.YourStop1;
				PRODUCT_NAME = "$(TARGET_NAME)";
				PROVISIONING_PROFILE = "";
				PROVISIONING_PROFILE_SPECIFIER = "";
			};
			name = Debug;
		};
		D83C0A231DC79B6F00B41470 /* Release */ = {
			isa = XCBuildConfiguration;
			buildSettings = {
				ASSETCATALOG_COMPILER_APPICON_NAME = "AppIcon-2";
				"CODE_SIGN_IDENTITY[sdk=iphoneos*]" = "iPhone Developer";
				DEVELOPMENT_TEAM = HMWV6CCYQG;
				INFOPLIST_FILE = YourStop/Info.plist;
				LD_RUNPATH_SEARCH_PATHS = "$(inherited) @executable_path/Frameworks";
				PRODUCT_BUNDLE_IDENTIFIER = com.chadwiedemann.YourStop1;
				PRODUCT_NAME = "$(TARGET_NAME)";
				PROVISIONING_PROFILE = "";
				PROVISIONING_PROFILE_SPECIFIER = "";
			};
			name = Release;
		};
/* End XCBuildConfiguration section */

/* Begin XCConfigurationList section */
		D83C0A021DC79B6F00B41470 /* Build configuration list for PBXProject "YourStop" */ = {
			isa = XCConfigurationList;
			buildConfigurations = (
				D83C0A1F1DC79B6F00B41470 /* Debug */,
				D83C0A201DC79B6F00B41470 /* Release */,
			);
			defaultConfigurationIsVisible = 0;
			defaultConfigurationName = Release;
		};
		D83C0A211DC79B6F00B41470 /* Build configuration list for PBXNativeTarget "YourStop" */ = {
			isa = XCConfigurationList;
			buildConfigurations = (
				D83C0A221DC79B6F00B41470 /* Debug */,
				D83C0A231DC79B6F00B41470 /* Release */,
			);
			defaultConfigurationIsVisible = 0;
			defaultConfigurationName = Release;
		};
/* End XCConfigurationList section */

/* Begin XCVersionGroup section */
		D83C0A161DC79B6F00B41470 /* YourStop.xcdatamodeld */ = {
			isa = XCVersionGroup;
			children = (
				D83C0A171DC79B6F00B41470 /* YourStop.xcdatamodel */,
			);
			currentVersion = D83C0A171DC79B6F00B41470 /* YourStop.xcdatamodel */;
			path = YourStop.xcdatamodeld;
			sourceTree = "<group>";
			versionGroupType = wrapper.xcdatamodel;
		};
/* End XCVersionGroup section */
	};
	rootObject = D83C09FF1DC79B6F00B41470 /* Project object */;
}
